
Microsoft Visual Studio Solution File, Format Version 9.00
# Visual Studio 2005
Project("{E24C65DC-7377-472B-9ABA-BC803B73C61A}") = "E:\S-MIS1.0\", ".", "{6A3E3C76-C8CD-4F79-B532-5DF52649C973}"
	ProjectSection(WebsiteProperties) = preProject
		Debug.AspNetCompiler.VirtualPath = "/S-MIS1.0"
		Debug.AspNetCompiler.PhysicalPath = "E:\S-MIS1.0\"
		Debug.AspNetCompiler.TargetPath = "PrecompiledWeb\S-MIS1.0\"
		Debug.AspNetCompiler.Updateable = "true"
		Debug.AspNetCompiler.ForceOverwrite = "true"
		Debug.AspNetCompiler.FixedNames = "false"
		Debug.AspNetCompiler.Debug = "True"
		Release.AspNetCompiler.VirtualPath = "/S-MIS1.0"
		Release.AspNetCompiler.PhysicalPath = "E:\S-MIS1.0\"
		Release.AspNetCompiler.TargetPath = "PrecompiledWeb\S-MIS1.0\"
		Release.AspNetCompiler.Updateable = "true"
		Release.AspNetCompiler.ForceOverwrite = "true"
		Release.AspNetCompiler.FixedNames = "false"
		Release.AspNetCompiler.Debug = "False"
		VWDPort = "1390"
	EndProjectSection
EndProject
Global
	GlobalSection(SolutionConfigurationPlatforms) = preSolution
		Debug|.NET = Debug|.NET
	EndGlobalSection
	GlobalSection(ProjectConfigurationPlatforms) = postSolution
		{6A3E3C76-C8CD-4F79-B532-5DF52649C973}.Debug|.NET.ActiveCfg = Debug|.NET
		{6A3E3C76-C8CD-4F79-B532-5DF52649C973}.Debug|.NET.Build.0 = Debug|.NET
	EndGlobalSection
	GlobalSection(SolutionProperties) = preSolution
		HideSolutionNode = FALSE
	EndGlobalSection
EndGlobal
